
Microsoft Visual Studio Solution File, Format Version 12.00
# Visual Studio Version 17
VisualStudioVersion = 17.7.34221.43
MinimumVisualStudioVersion = 10.0.40219.1
Project("{FAE04EC0-301F-11D3-BF4B-00C04F79EFBC}") = "WebSalesMVC", "WebSalesMVC\WebSalesMVC.csproj", "{23ED3ADB-1141-4E74-9DA5-737D6B8571F3}"
EndProject
Global
	GlobalSection(SolutionConfigurationPlatforms) = preSolution
		Debug|Any CPU = Debug|Any CPU
		Release|Any CPU = Release|Any CPU
	EndGlobalSection
	GlobalSection(ProjectConfigurationPlatforms) = postSolution
		{23ED3ADB-1141-4E74-9DA5-737D6B8571F3}.Debug|Any CPU.ActiveCfg = Debug|Any CPU
		{23ED3ADB-1141-4E74-9DA5-737D6B8571F3}.Debug|Any CPU.Build.0 = Debug|Any CPU
		{23ED3ADB-1141-4E74-9DA5-737D6B8571F3}.Release|Any CPU.ActiveCfg = Release|Any CPU
		{23ED3ADB-1141-4E74-9DA5-737D6B8571F3}.Release|Any CPU.Build.0 = Release|Any CPU
	EndGlobalSection
	GlobalSection(SolutionProperties) = preSolution
		HideSolutionNode = FALSE
	EndGlobalSection
	GlobalSection(ExtensibilityGlobals) = postSolution
		SolutionGuid = {7719E10A-8357-4519-948A-E6C6BC92CE35}
	EndGlobalSection
EndGlobal
